# @generated by Move, please check-in and do not edit manually.

[move]
version = 3
manifest_digest = "A318CA6EDEA2B527225349A7BE45BB30B230FC4B3EC24724742969FA3E87B3A5"
deps_digest = "F8BBB0CCB2491CA29A3DF03D6F92277A4F3574266507ACD77214D37ECA3F3082"
dependencies = [
  { id = "One", name = "One" },
]

[[move.package]]
id = "MoveStdlib"
source = { git = "https://github.com/one-chain-labs/onechain.git", rev = "v1.0.1", subdir = "crates/sui-framework/packages/move-stdlib" }

[[move.package]]
id = "One"
source = { git = "https://github.com/one-chain-labs/onechain.git", rev = "v1.0.1", subdir = "crates/sui-framework/packages/one-framework" }

dependencies = [
  { id = "MoveStdlib", name = "MoveStdlib" },
]

[move.toolchain-version]
compiler-version = "1.0.1"
edition = "legacy"
flavor = "one"

[env]

[env.onechain-testnet]
chain-id = "1bd5c965"
original-published-id = "0xdfbfc85c8bea16d1a4d9602ad758591402ca836835b018ed3cce49e5145c5eda"
latest-published-id = "0xdfbfc85c8bea16d1a4d9602ad758591402ca836835b018ed3cce49e5145c5eda"
published-version = "1"
